// !$*UTF8*$!
{
	archiveVersion = 1;
	classes = {
	};
	objectVersion = 51;
	objects = {

/* Begin PBXBuildFile section */
		0F6F001CF5589035A16D53D6 /* Pods_Cocktail_CocktailUITests.framework in Frameworks */ = {isa = PBXBuildFile; fileRef = 97AB053DDA5F1DCD81FDD5A3 /* Pods_Cocktail_CocktailUITests.framework */; };
		1C1455D922906E5EE09DA288 /* Pods_Cocktail.framework in Frameworks */ = {isa = PBXBuildFile; fileRef = 74EE64C7F78EB3CF862F4653 /* Pods_Cocktail.framework */; };
		9668EDDC2739789D0031004D /* AppDelegate.swift in Sources */ = {isa = PBXBuildFile; fileRef = 9668EDDB2739789D0031004D /* AppDelegate.swift */; };
		9668EDDE2739789D0031004D /* SceneDelegate.swift in Sources */ = {isa = PBXBuildFile; fileRef = 9668EDDD2739789D0031004D /* SceneDelegate.swift */; };
		9668EDE02739789D0031004D /* ViewController.swift in Sources */ = {isa = PBXBuildFile; fileRef = 9668EDDF2739789D0031004D /* ViewController.swift */; };
		9668EDE32739789D0031004D /* Main.storyboard in Resources */ = {isa = PBXBuildFile; fileRef = 9668EDE12739789D0031004D /* Main.storyboard */; };
		9668EDE5273978A50031004D /* Assets.xcassets in Resources */ = {isa = PBXBuildFile; fileRef = 9668EDE4273978A50031004D /* Assets.xcassets */; };
		9668EDE8273978A50031004D /* LaunchScreen.storyboard in Resources */ = {isa = PBXBuildFile; fileRef = 9668EDE6273978A50031004D /* LaunchScreen.storyboard */; };
		9668EDF3273978A50031004D /* CocktailTests.swift in Sources */ = {isa = PBXBuildFile; fileRef = 9668EDF2273978A50031004D /* CocktailTests.swift */; };
		9668EDFE273978A50031004D /* CocktailUITests.swift in Sources */ = {isa = PBXBuildFile; fileRef = 9668EDFD273978A50031004D /* CocktailUITests.swift */; };
		9668EE1D273A51240031004D /* DrinkCollectionViewCell.swift in Sources */ = {isa = PBXBuildFile; fileRef = 9668EE1B273A51240031004D /* DrinkCollectionViewCell.swift */; };
		9668EE1E273A51240031004D /* DrinkCollectionViewCell.xib in Resources */ = {isa = PBXBuildFile; fileRef = 9668EE1C273A51240031004D /* DrinkCollectionViewCell.xib */; };
		9668EE28273A758F0031004D /* URLManager.swift in Sources */ = {isa = PBXBuildFile; fileRef = 9668EE27273A758F0031004D /* URLManager.swift */; };
		9668EE30273A75A20031004D /* NetworkManager.swift in Sources */ = {isa = PBXBuildFile; fileRef = 9668EE2F273A75A20031004D /* NetworkManager.swift */; };
		9668EE35273A75B40031004D /* DataProvider.swift in Sources */ = {isa = PBXBuildFile; fileRef = 9668EE34273A75B40031004D /* DataProvider.swift */; };
		9668EE3B273A76190031004D /* Alert.swift in Sources */ = {isa = PBXBuildFile; fileRef = 9668EE3A273A76190031004D /* Alert.swift */; };
		9668EE43273A76820031004D /* Drink.swift in Sources */ = {isa = PBXBuildFile; fileRef = 9668EE42273A76820031004D /* Drink.swift */; };
		9668EE48273A786F0031004D /* Constants.swift in Sources */ = {isa = PBXBuildFile; fileRef = 9668EE47273A786F0031004D /* Constants.swift */; };
		9668EE4D273A78B70031004D /* Extension.swift in Sources */ = {isa = PBXBuildFile; fileRef = 9668EE4C273A78B70031004D /* Extension.swift */; };
		9668EE52273A91C30031004D /* CocktailViewModel.swift in Sources */ = {isa = PBXBuildFile; fileRef = 9668EE51273A91C30031004D /* CocktailViewModel.swift */; };
		9668EE62273AC0E70031004D /* StaticCollectionViewCell.swift in Sources */ = {isa = PBXBuildFile; fileRef = 9668EE60273AC0E70031004D /* StaticCollectionViewCell.swift */; };
		9668EE63273AC0E70031004D /* StaticCollectionViewCell.xib in Resources */ = {isa = PBXBuildFile; fileRef = 9668EE61273AC0E70031004D /* StaticCollectionViewCell.xib */; };
		A7630C98CDE35E1081FBA0A9 /* Pods_CocktailTests.framework in Frameworks */ = {isa = PBXBuildFile; fileRef = 02C5E4766098CE976E30674C /* Pods_CocktailTests.framework */; };
/* End PBXBuildFile section */

/* Begin PBXContainerItemProxy section */
		9668EDEF273978A50031004D /* PBXContainerItemProxy */ = {
			isa = PBXContainerItemProxy;
			containerPortal = 9668EDD02739789D0031004D /* Project object */;
			proxyType = 1;
			remoteGlobalIDString = 9668EDD72739789D0031004D;
			remoteInfo = Cocktail;
		};
		9668EDFA273978A50031004D /* PBXContainerItemProxy */ = {
			isa = PBXContainerItemProxy;
			containerPortal = 9668EDD02739789D0031004D /* Project object */;
			proxyType = 1;
			remoteGlobalIDString = 9668EDD72739789D0031004D;
			remoteInfo = Cocktail;
		};
/* End PBXContainerItemProxy section */

/* Begin PBXFileReference section */
		02C5E4766098CE976E30674C /* Pods_CocktailTests.framework */ = {isa = PBXFileReference; explicitFileType = wrapper.framework; includeInIndex = 0; path = Pods_CocktailTests.framework; sourceTree = BUILT_PRODUCTS_DIR; };
		05CA7F9B5F9C329D12ED1836 /* Pods-CocktailTests.debug.xcconfig */ = {isa = PBXFileReference; includeInIndex = 1; lastKnownFileType = text.xcconfig; name = "Pods-CocktailTests.debug.xcconfig"; path = "Target Support Files/Pods-CocktailTests/Pods-CocktailTests.debug.xcconfig"; sourceTree = "<group>"; };
		0B47A4DC7070115B8A5A1452 /* Pods-Cocktail.release.xcconfig */ = {isa = PBXFileReference; includeInIndex = 1; lastKnownFileType = text.xcconfig; name = "Pods-Cocktail.release.xcconfig"; path = "Target Support Files/Pods-Cocktail/Pods-Cocktail.release.xcconfig"; sourceTree = "<group>"; };
		3CA0DECCFE48691057571A55 /* Pods-CocktailTests.release.xcconfig */ = {isa = PBXFileReference; includeInIndex = 1; lastKnownFileType = text.xcconfig; name = "Pods-CocktailTests.release.xcconfig"; path = "Target Support Files/Pods-CocktailTests/Pods-CocktailTests.release.xcconfig"; sourceTree = "<group>"; };
		74EE64C7F78EB3CF862F4653 /* Pods_Cocktail.framework */ = {isa = PBXFileReference; explicitFileType = wrapper.framework; includeInIndex = 0; path = Pods_Cocktail.framework; sourceTree = BUILT_PRODUCTS_DIR; };
		94616456EEEB470F0948D4DF /* Pods-Cocktail-CocktailUITests.release.xcconfig */ = {isa = PBXFileReference; includeInIndex = 1; lastKnownFileType = text.xcconfig; name = "Pods-Cocktail-CocktailUITests.release.xcconfig"; path = "Target Support Files/Pods-Cocktail-CocktailUITests/Pods-Cocktail-CocktailUITests.release.xcconfig"; sourceTree = "<group>"; };
		9668EDD82739789D0031004D /* Cocktail.app */ = {isa = PBXFileReference; explicitFileType = wrapper.application; includeInIndex = 0; path = Cocktail.app; sourceTree = BUILT_PRODUCTS_DIR; };
		9668EDDB2739789D0031004D /* AppDelegate.swift */ = {isa = PBXFileReference; lastKnownFileType = sourcecode.swift; path = AppDelegate.swift; sourceTree = "<group>"; };
		9668EDDD2739789D0031004D /* SceneDelegate.swift */ = {isa = PBXFileReference; lastKnownFileType = sourcecode.swift; path = SceneDelegate.swift; sourceTree = "<group>"; };
		9668EDDF2739789D0031004D /* ViewController.swift */ = {isa = PBXFileReference; lastKnownFileType = sourcecode.swift; path = ViewController.swift; sourceTree = "<group>"; };
		9668EDE22739789D0031004D /* Base */ = {isa = PBXFileReference; lastKnownFileType = file.storyboard; name = Base; path = Base.lproj/Main.storyboard; sourceTree = "<group>"; };
		9668EDE4273978A50031004D /* Assets.xcassets */ = {isa = PBXFileReference; lastKnownFileType = folder.assetcatalog; path = Assets.xcassets; sourceTree = "<group>"; };
		9668EDE7273978A50031004D /* Base */ = {isa = PBXFileReference; lastKnownFileType = file.storyboard; name = Base; path = Base.lproj/LaunchScreen.storyboard; sourceTree = "<group>"; };
		9668EDE9273978A50031004D /* Info.plist */ = {isa = PBXFileReference; lastKnownFileType = text.plist.xml; path = Info.plist; sourceTree = "<group>"; };
		9668EDEE273978A50031004D /* CocktailTests.xctest */ = {isa = PBXFileReference; explicitFileType = wrapper.cfbundle; includeInIndex = 0; path = CocktailTests.xctest; sourceTree = BUILT_PRODUCTS_DIR; };
		9668EDF2273978A50031004D /* CocktailTests.swift */ = {isa = PBXFileReference; lastKnownFileType = sourcecode.swift; path = CocktailTests.swift; sourceTree = "<group>"; };
		9668EDF4273978A50031004D /* Info.plist */ = {isa = PBXFileReference; lastKnownFileType = text.plist.xml; path = Info.plist; sourceTree = "<group>"; };
		9668EDF9273978A50031004D /* CocktailUITests.xctest */ = {isa = PBXFileReference; explicitFileType = wrapper.cfbundle; includeInIndex = 0; path = CocktailUITests.xctest; sourceTree = BUILT_PRODUCTS_DIR; };
		9668EDFD273978A50031004D /* CocktailUITests.swift */ = {isa = PBXFileReference; lastKnownFileType = sourcecode.swift; path = CocktailUITests.swift; sourceTree = "<group>"; };
		9668EDFF273978A50031004D /* Info.plist */ = {isa = PBXFileReference; lastKnownFileType = text.plist.xml; path = Info.plist; sourceTree = "<group>"; };
		9668EE1B273A51240031004D /* DrinkCollectionViewCell.swift */ = {isa = PBXFileReference; lastKnownFileType = sourcecode.swift; path = DrinkCollectionViewCell.swift; sourceTree = "<group>"; };
		9668EE1C273A51240031004D /* DrinkCollectionViewCell.xib */ = {isa = PBXFileReference; lastKnownFileType = file.xib; path = DrinkCollectionViewCell.xib; sourceTree = "<group>"; };
		9668EE27273A758F0031004D /* URLManager.swift */ = {isa = PBXFileReference; lastKnownFileType = sourcecode.swift; path = URLManager.swift; sourceTree = "<group>"; };
		9668EE2F273A75A20031004D /* NetworkManager.swift */ = {isa = PBXFileReference; lastKnownFileType = sourcecode.swift; path = NetworkManager.swift; sourceTree = "<group>"; };
		9668EE34273A75B40031004D /* DataProvider.swift */ = {isa = PBXFileReference; lastKnownFileType = sourcecode.swift; path = DataProvider.swift; sourceTree = "<group>"; };
		9668EE3A273A76190031004D /* Alert.swift */ = {isa = PBXFileReference; lastKnownFileType = sourcecode.swift; path = Alert.swift; sourceTree = "<group>"; };
		9668EE42273A76820031004D /* Drink.swift */ = {isa = PBXFileReference; lastKnownFileType = sourcecode.swift; path = Drink.swift; sourceTree = "<group>"; };
		9668EE47273A786F0031004D /* Constants.swift */ = {isa = PBXFileReference; lastKnownFileType = sourcecode.swift; path = Constants.swift; sourceTree = "<group>"; };
		9668EE4C273A78B70031004D /* Extension.swift */ = {isa = PBXFileReference; lastKnownFileType = sourcecode.swift; path = Extension.swift; sourceTree = "<group>"; };
		9668EE51273A91C30031004D /* CocktailViewModel.swift */ = {isa = PBXFileReference; lastKnownFileType = sourcecode.swift; path = CocktailViewModel.swift; sourceTree = "<group>"; };
		9668EE60273AC0E70031004D /* StaticCollectionViewCell.swift */ = {isa = PBXFileReference; lastKnownFileType = sourcecode.swift; path = StaticCollectionViewCell.swift; sourceTree = "<group>"; };
		9668EE61273AC0E70031004D /* StaticCollectionViewCell.xib */ = {isa = PBXFileReference; lastKnownFileType = file.xib; path = StaticCollectionViewCell.xib; sourceTree = "<group>"; };
		9676D69FA8AE057B6C4DCD65 /* Pods-Cocktail.debug.xcconfig */ = {isa = PBXFileReference; includeInIndex = 1; lastKnownFileType = text.xcconfig; name = "Pods-Cocktail.debug.xcconfig"; path = "Target Support Files/Pods-Cocktail/Pods-Cocktail.debug.xcconfig"; sourceTree = "<group>"; };
		97AB053DDA5F1DCD81FDD5A3 /* Pods_Cocktail_CocktailUITests.framework */ = {isa = PBXFileReference; explicitFileType = wrapper.framework; includeInIndex = 0; path = Pods_Cocktail_CocktailUITests.framework; sourceTree = BUILT_PRODUCTS_DIR; };
		D38A12A18C3ACA4F6CD2A246 /* Pods-Cocktail-CocktailUITests.debug.xcconfig */ = {isa = PBXFileReference; includeInIndex = 1; lastKnownFileType = text.xcconfig; name = "Pods-Cocktail-CocktailUITests.debug.xcconfig"; path = "Target Support Files/Pods-Cocktail-CocktailUITests/Pods-Cocktail-CocktailUITests.debug.xcconfig"; sourceTree = "<group>"; };
/* End PBXFileReference section */

/* Begin PBXFrameworksBuildPhase section */
		9668EDD52739789D0031004D /* Frameworks */ = {
			isa = PBXFrameworksBuildPhase;
			buildActionMask = 2147483647;
			files = (
				1C1455D922906E5EE09DA288 /* Pods_Cocktail.framework in Frameworks */,
			);
			runOnlyForDeploymentPostprocessing = 0;
		};
		9668EDEB273978A50031004D /* Frameworks */ = {
			isa = PBXFrameworksBuildPhase;
			buildActionMask = 2147483647;
			files = (
				A7630C98CDE35E1081FBA0A9 /* Pods_CocktailTests.framework in Frameworks */,
			);
			runOnlyForDeploymentPostprocessing = 0;
		};
		9668EDF6273978A50031004D /* Frameworks */ = {
			isa = PBXFrameworksBuildPhase;
			buildActionMask = 2147483647;
			files = (
				0F6F001CF5589035A16D53D6 /* Pods_Cocktail_CocktailUITests.framework in Frameworks */,
			);
			runOnlyForDeploymentPostprocessing = 0;
		};
/* End PBXFrameworksBuildPhase section */

/* Begin PBXGroup section */
		3F475775780AE3FDC005BF10 /* Pods */ = {
			isa = PBXGroup;
			children = (
				9676D69FA8AE057B6C4DCD65 /* Pods-Cocktail.debug.xcconfig */,
				0B47A4DC7070115B8A5A1452 /* Pods-Cocktail.release.xcconfig */,
				D38A12A18C3ACA4F6CD2A246 /* Pods-Cocktail-CocktailUITests.debug.xcconfig */,
				94616456EEEB470F0948D4DF /* Pods-Cocktail-CocktailUITests.release.xcconfig */,
				05CA7F9B5F9C329D12ED1836 /* Pods-CocktailTests.debug.xcconfig */,
				3CA0DECCFE48691057571A55 /* Pods-CocktailTests.release.xcconfig */,
			);
			path = Pods;
			sourceTree = "<group>";
		};
		9668EDCF2739789D0031004D = {
			isa = PBXGroup;
			children = (
				9668EDDA2739789D0031004D /* Cocktail */,
				9668EDF1273978A50031004D /* CocktailTests */,
				9668EDFC273978A50031004D /* CocktailUITests */,
				9668EDD92739789D0031004D /* Products */,
				3F475775780AE3FDC005BF10 /* Pods */,
				F34AB89F0323826A0BBCAF6B /* Frameworks */,
			);
			sourceTree = "<group>";
		};
		9668EDD92739789D0031004D /* Products */ = {
			isa = PBXGroup;
			children = (
				9668EDD82739789D0031004D /* Cocktail.app */,
				9668EDEE273978A50031004D /* CocktailTests.xctest */,
				9668EDF9273978A50031004D /* CocktailUITests.xctest */,
			);
			name = Products;
			sourceTree = "<group>";
		};
		9668EDDA2739789D0031004D /* Cocktail */ = {
			isa = PBXGroup;
			children = (
				9668EE39273A760D0031004D /* Common */,
				9668EE25273A75680031004D /* Services */,
				9668EE16273978F60031004D /* StoryBoard */,
				9668EE15273978ED0031004D /* Application */,
				9668EE14273978E80031004D /* Model */,
				9668EE13273978E00031004D /* View */,
				9668EE12273978C30031004D /* ViewModel */,
				9668EDE4273978A50031004D /* Assets.xcassets */,
				9668EDE9273978A50031004D /* Info.plist */,
			);
			path = Cocktail;
			sourceTree = "<group>";
		};
		9668EDF1273978A50031004D /* CocktailTests */ = {
			isa = PBXGroup;
			children = (
				9668EDF2273978A50031004D /* CocktailTests.swift */,
				9668EDF4273978A50031004D /* Info.plist */,
			);
			path = CocktailTests;
			sourceTree = "<group>";
		};
		9668EDFC273978A50031004D /* CocktailUITests */ = {
			isa = PBXGroup;
			children = (
				9668EDFD273978A50031004D /* CocktailUITests.swift */,
				9668EDFF273978A50031004D /* Info.plist */,
			);
			path = CocktailUITests;
			sourceTree = "<group>";
		};
		9668EE12273978C30031004D /* ViewModel */ = {
			isa = PBXGroup;
			children = (
				9668EE51273A91C30031004D /* CocktailViewModel.swift */,
			);
			path = ViewModel;
			sourceTree = "<group>";
		};
		9668EE13273978E00031004D /* View */ = {
			isa = PBXGroup;
			children = (
				9668EE1A273A50F80031004D /* Cell */,
				9668EDE12739789D0031004D /* Main.storyboard */,
				9668EDDF2739789D0031004D /* ViewController.swift */,
			);
			path = View;
			sourceTree = "<group>";
		};
		9668EE14273978E80031004D /* Model */ = {
			isa = PBXGroup;
			children = (
				9668EE42273A76820031004D /* Drink.swift */,
			);
			path = Model;
			sourceTree = "<group>";
		};
		9668EE15273978ED0031004D /* Application */ = {
			isa = PBXGroup;
			children = (
				9668EDDD2739789D0031004D /* SceneDelegate.swift */,
				9668EDDB2739789D0031004D /* AppDelegate.swift */,
			);
			path = Application;
			sourceTree = "<group>";
		};
		9668EE16273978F60031004D /* StoryBoard */ = {
			isa = PBXGroup;
			children = (
				9668EDE6273978A50031004D /* LaunchScreen.storyboard */,
			);
			path = StoryBoard;
			sourceTree = "<group>";
		};
		9668EE1A273A50F80031004D /* Cell */ = {
			isa = PBXGroup;
			children = (
				9668EE1B273A51240031004D /* DrinkCollectionViewCell.swift */,
				9668EE1C273A51240031004D /* DrinkCollectionViewCell.xib */,
				9668EE60273AC0E70031004D /* StaticCollectionViewCell.swift */,
				9668EE61273AC0E70031004D /* StaticCollectionViewCell.xib */,
			);
			path = Cell;
			sourceTree = "<group>";
		};
		9668EE25273A75680031004D /* Services */ = {
			isa = PBXGroup;
			children = (
				9668EE27273A758F0031004D /* URLManager.swift */,
				9668EE2F273A75A20031004D /* NetworkManager.swift */,
				9668EE34273A75B40031004D /* DataProvider.swift */,
			);
			path = Services;
			sourceTree = "<group>";
		};
		9668EE39273A760D0031004D /* Common */ = {
			isa = PBXGroup;
			children = (
				9668EE3A273A76190031004D /* Alert.swift */,
				9668EE47273A786F0031004D /* Constants.swift */,
				9668EE4C273A78B70031004D /* Extension.swift */,
			);
			path = Common;
			sourceTree = "<group>";
		};
		F34AB89F0323826A0BBCAF6B /* Frameworks */ = {
			isa = PBXGroup;
			children = (
				74EE64C7F78EB3CF862F4653 /* Pods_Cocktail.framework */,
				97AB053DDA5F1DCD81FDD5A3 /* Pods_Cocktail_CocktailUITests.framework */,
				02C5E4766098CE976E30674C /* Pods_CocktailTests.framework */,
			);
			name = Frameworks;
			sourceTree = "<group>";
		};
/* End PBXGroup section */

/* Begin PBXNativeTarget section */
		9668EDD72739789D0031004D /* Cocktail */ = {
			isa = PBXNativeTarget;
			buildConfigurationList = 9668EE02273978A50031004D /* Build configuration list for PBXNativeTarget "Cocktail" */;
			buildPhases = (
				D8E8BDA6C03C4542D83D6DCF /* [CP] Check Pods Manifest.lock */,
				9668EDD42739789D0031004D /* Sources */,
				9668EDD52739789D0031004D /* Frameworks */,
				9668EDD62739789D0031004D /* Resources */,
				3D93BA7F1E0083B17719ED40 /* [CP] Embed Pods Frameworks */,
			);
			buildRules = (
			);
			dependencies = (
			);
			name = Cocktail;
			productName = Cocktail;
			productReference = 9668EDD82739789D0031004D /* Cocktail.app */;
			productType = "com.apple.product-type.application";
		};
		9668EDED273978A50031004D /* CocktailTests */ = {
			isa = PBXNativeTarget;
			buildConfigurationList = 9668EE05273978A50031004D /* Build configuration list for PBXNativeTarget "CocktailTests" */;
			buildPhases = (
				D331071A62ECC4DD0A59D00F /* [CP] Check Pods Manifest.lock */,
				9668EDEA273978A50031004D /* Sources */,
				9668EDEB273978A50031004D /* Frameworks */,
				9668EDEC273978A50031004D /* Resources */,
			);
			buildRules = (
			);
			dependencies = (
				9668EDF0273978A50031004D /* PBXTargetDependency */,
			);
			name = CocktailTests;
			productName = CocktailTests;
			productReference = 9668EDEE273978A50031004D /* CocktailTests.xctest */;
			productType = "com.apple.product-type.bundle.unit-test";
		};
		9668EDF8273978A50031004D /* CocktailUITests */ = {
			isa = PBXNativeTarget;
			buildConfigurationList = 9668EE08273978A50031004D /* Build configuration list for PBXNativeTarget "CocktailUITests" */;
			buildPhases = (
				EBE9B7521194599483B277A2 /* [CP] Check Pods Manifest.lock */,
				9668EDF5273978A50031004D /* Sources */,
				9668EDF6273978A50031004D /* Frameworks */,
				9668EDF7273978A50031004D /* Resources */,
				363B01C4886662D0D0EC48C8 /* [CP] Embed Pods Frameworks */,
			);
			buildRules = (
			);
			dependencies = (
				9668EDFB273978A50031004D /* PBXTargetDependency */,
			);
			name = CocktailUITests;
			productName = CocktailUITests;
			productReference = 9668EDF9273978A50031004D /* CocktailUITests.xctest */;
			productType = "com.apple.product-type.bundle.ui-testing";
		};
/* End PBXNativeTarget section */

/* Begin PBXProject section */
		9668EDD02739789D0031004D /* Project object */ = {
			isa = PBXProject;
			attributes = {
				LastSwiftUpdateCheck = 1230;
				LastUpgradeCheck = 1230;
				TargetAttributes = {
					9668EDD72739789D0031004D = {
						CreatedOnToolsVersion = 12.3;
					};
					9668EDED273978A50031004D = {
						CreatedOnToolsVersion = 12.3;
						TestTargetID = 9668EDD72739789D0031004D;
					};
					9668EDF8273978A50031004D = {
						CreatedOnToolsVersion = 12.3;
						TestTargetID = 9668EDD72739789D0031004D;
					};
				};
			};
			buildConfigurationList = 9668EDD32739789D0031004D /* Build configuration list for PBXProject "Cocktail" */;
			compatibilityVersion = "Xcode 9.3";
			developmentRegion = en;
			hasScannedForEncodings = 0;
			knownRegions = (
				en,
				Base,
			);
			mainGroup = 9668EDCF2739789D0031004D;
			productRefGroup = 9668EDD92739789D0031004D /* Products */;
			projectDirPath = "";
			projectRoot = "";
			targets = (
				9668EDD72739789D0031004D /* Cocktail */,
				9668EDED273978A50031004D /* CocktailTests */,
				9668EDF8273978A50031004D /* CocktailUITests */,
			);
		};
/* End PBXProject section */

/* Begin PBXResourcesBuildPhase section */
		9668EDD62739789D0031004D /* Resources */ = {
			isa = PBXResourcesBuildPhase;
			buildActionMask = 2147483647;
			files = (
				9668EDE8273978A50031004D /* LaunchScreen.storyboard in Resources */,
				9668EDE5273978A50031004D /* Assets.xcassets in Resources */,
				9668EDE32739789D0031004D /* Main.storyboard in Resources */,
				9668EE63273AC0E70031004D /* StaticCollectionViewCell.xib in Resources */,
				9668EE1E273A51240031004D /* DrinkCollectionViewCell.xib in Resources */,
			);
			runOnlyForDeploymentPostprocessing = 0;
		};
		9668EDEC273978A50031004D /* Resources */ = {
			isa = PBXResourcesBuildPhase;
			buildActionMask = 2147483647;
			files = (
			);
			runOnlyForDeploymentPostprocessing = 0;
		};
		9668EDF7273978A50031004D /* Resources */ = {
			isa = PBXResourcesBuildPhase;
			buildActionMask = 2147483647;
			files = (
			);
			runOnlyForDeploymentPostprocessing = 0;
		};
/* End PBXResourcesBuildPhase section */

/* Begin PBXShellScriptBuildPhase section */
		363B01C4886662D0D0EC48C8 /* [CP] Embed Pods Frameworks */ = {
			isa = PBXShellScriptBuildPhase;
			buildActionMask = 2147483647;
			files = (
			);
			inputFileListPaths = (
				"${PODS_ROOT}/Target Support Files/Pods-Cocktail-CocktailUITests/Pods-Cocktail-CocktailUITests-frameworks-${CONFIGURATION}-input-files.xcfilelist",
			);
			name = "[CP] Embed Pods Frameworks";
			outputFileListPaths = (
				"${PODS_ROOT}/Target Support Files/Pods-Cocktail-CocktailUITests/Pods-Cocktail-CocktailUITests-frameworks-${CONFIGURATION}-output-files.xcfilelist",
			);
			runOnlyForDeploymentPostprocessing = 0;
			shellPath = /bin/sh;
			shellScript = "\"${PODS_ROOT}/Target Support Files/Pods-Cocktail-CocktailUITests/Pods-Cocktail-CocktailUITests-frameworks.sh\"\n";
			showEnvVarsInLog = 0;
		};
		3D93BA7F1E0083B17719ED40 /* [CP] Embed Pods Frameworks */ = {
			isa = PBXShellScriptBuildPhase;
			buildActionMask = 2147483647;
			files = (
			);
			inputFileListPaths = (
				"${PODS_ROOT}/Target Support Files/Pods-Cocktail/Pods-Cocktail-frameworks-${CONFIGURATION}-input-files.xcfilelist",
			);
			name = "[CP] Embed Pods Frameworks";
			outputFileListPaths = (
				"${PODS_ROOT}/Target Support Files/Pods-Cocktail/Pods-Cocktail-frameworks-${CONFIGURATION}-output-files.xcfilelist",
			);
			runOnlyForDeploymentPostprocessing = 0;
			shellPath = /bin/sh;
			shellScript = "\"${PODS_ROOT}/Target Support Files/Pods-Cocktail/Pods-Cocktail-frameworks.sh\"\n";
			showEnvVarsInLog = 0;
		};
		D331071A62ECC4DD0A59D00F /* [CP] Check Pods Manifest.lock */ = {
			isa = PBXShellScriptBuildPhase;
			buildActionMask = 2147483647;
			files = (
			);
			inputFileListPaths = (
			);
			inputPaths = (
				"${PODS_PODFILE_DIR_PATH}/Podfile.lock",
				"${PODS_ROOT}/Manifest.lock",
			);
			name = "[CP] Check Pods Manifest.lock";
			outputFileListPaths = (
			);
			outputPaths = (
				"$(DERIVED_FILE_DIR)/Pods-CocktailTests-checkManifestLockResult.txt",
			);
			runOnlyForDeploymentPostprocessing = 0;
			shellPath = /bin/sh;
			shellScript = "diff \"${PODS_PODFILE_DIR_PATH}/Podfile.lock\" \"${PODS_ROOT}/Manifest.lock\" > /dev/null\nif [ $? != 0 ] ; then\n    # print error to STDERR\n    echo \"error: The sandbox is not in sync with the Podfile.lock. Run 'pod install' or update your CocoaPods installation.\" >&2\n    exit 1\nfi\n# This output is used by Xcode 'outputs' to avoid re-running this script phase.\necho \"SUCCESS\" > \"${SCRIPT_OUTPUT_FILE_0}\"\n";
			showEnvVarsInLog = 0;
		};
		D8E8BDA6C03C4542D83D6DCF /* [CP] Check Pods Manifest.lock */ = {
			isa = PBXShellScriptBuildPhase;
			buildActionMask = 2147483647;
			files = (
			);
			inputFileListPaths = (
			);
			inputPaths = (
				"${PODS_PODFILE_DIR_PATH}/Podfile.lock",
				"${PODS_ROOT}/Manifest.lock",
			);
			name = "[CP] Check Pods Manifest.lock";
			outputFileListPaths = (
			);
			outputPaths = (
				"$(DERIVED_FILE_DIR)/Pods-Cocktail-checkManifestLockResult.txt",
			);
			runOnlyForDeploymentPostprocessing = 0;
			shellPath = /bin/sh;
			shellScript = "diff \"${PODS_PODFILE_DIR_PATH}/Podfile.lock\" \"${PODS_ROOT}/Manifest.lock\" > /dev/null\nif [ $? != 0 ] ; then\n    # print error to STDERR\n    echo \"error: The sandbox is not in sync with the Podfile.lock. Run 'pod install' or update your CocoaPods installation.\" >&2\n    exit 1\nfi\n# This output is used by Xcode 'outputs' to avoid re-running this script phase.\necho \"SUCCESS\" > \"${SCRIPT_OUTPUT_FILE_0}\"\n";
			showEnvVarsInLog = 0;
		};
		EBE9B7521194599483B277A2 /* [CP] Check Pods Manifest.lock */ = {
			isa = PBXShellScriptBuildPhase;
			buildActionMask = 2147483647;
			files = (
			);
			inputFileListPaths = (
			);
			inputPaths = (
				"${PODS_PODFILE_DIR_PATH}/Podfile.lock",
				"${PODS_ROOT}/Manifest.lock",
			);
			name = "[CP] Check Pods Manifest.lock";
			outputFileListPaths = (
			);
			outputPaths = (
				"$(DERIVED_FILE_DIR)/Pods-Cocktail-CocktailUITests-checkManifestLockResult.txt",
			);
			runOnlyForDeploymentPostprocessing = 0;
			shellPath = /bin/sh;
			shellScript = "diff \"${PODS_PODFILE_DIR_PATH}/Podfile.lock\" \"${PODS_ROOT}/Manifest.lock\" > /dev/null\nif [ $? != 0 ] ; then\n    # print error to STDERR\n    echo \"error: The sandbox is not in sync with the Podfile.lock. Run 'pod install' or update your CocoaPods installation.\" >&2\n    exit 1\nfi\n# This output is used by Xcode 'outputs' to avoid re-running this script phase.\necho \"SUCCESS\" > \"${SCRIPT_OUTPUT_FILE_0}\"\n";
			showEnvVarsInLog = 0;
		};
/* End PBXShellScriptBuildPhase section */

/* Begin PBXSourcesBuildPhase section */
		9668EDD42739789D0031004D /* Sources */ = {
			isa = PBXSourcesBuildPhase;
			buildActionMask = 2147483647;
			files = (
				9668EE62273AC0E70031004D /* StaticCollectionViewCell.swift in Sources */,
				9668EE30273A75A20031004D /* NetworkManager.swift in Sources */,
				9668EE43273A76820031004D /* Drink.swift in Sources */,
				9668EDE02739789D0031004D /* ViewController.swift in Sources */,
				9668EDDC2739789D0031004D /* AppDelegate.swift in Sources */,
				9668EE4D273A78B70031004D /* Extension.swift in Sources */,
				9668EE35273A75B40031004D /* DataProvider.swift in Sources */,
				9668EE48273A786F0031004D /* Constants.swift in Sources */,
				9668EDDE2739789D0031004D /* SceneDelegate.swift in Sources */,
				9668EE52273A91C30031004D /* CocktailViewModel.swift in Sources */,
				9668EE28273A758F0031004D /* URLManager.swift in Sources */,
				9668EE3B273A76190031004D /* Alert.swift in Sources */,
				9668EE1D273A51240031004D /* DrinkCollectionViewCell.swift in Sources */,
			);
			runOnlyForDeploymentPostprocessing = 0;
		};
		9668EDEA273978A50031004D /* Sources */ = {
			isa = PBXSourcesBuildPhase;
			buildActionMask = 2147483647;
			files = (
				9668EDF3273978A50031004D /* CocktailTests.swift in Sources */,
			);
			runOnlyForDeploymentPostprocessing = 0;
		};
		9668EDF5273978A50031004D /* Sources */ = {
			isa = PBXSourcesBuildPhase;
			buildActionMask = 2147483647;
			files = (
				9668EDFE273978A50031004D /* CocktailUITests.swift in Sources */,
			);
			runOnlyForDeploymentPostprocessing = 0;
		};
/* End PBXSourcesBuildPhase section */

/* Begin PBXTargetDependency section */
		9668EDF0273978A50031004D /* PBXTargetDependency */ = {
			isa = PBXTargetDependency;
			target = 9668EDD72739789D0031004D /* Cocktail */;
			targetProxy = 9668EDEF273978A50031004D /* PBXContainerItemProxy */;
		};
		9668EDFB273978A50031004D /* PBXTargetDependency */ = {
			isa = PBXTargetDependency;
			target = 9668EDD72739789D0031004D /* Cocktail */;
			targetProxy = 9668EDFA273978A50031004D /* PBXContainerItemProxy */;
		};
/* End PBXTargetDependency section */

/* Begin PBXVariantGroup section */
		9668EDE12739789D0031004D /* Main.storyboard */ = {
			isa = PBXVariantGroup;
			children = (
				9668EDE22739789D0031004D /* Base */,
			);
			name = Main.storyboard;
			sourceTree = "<group>";
		};
		9668EDE6273978A50031004D /* LaunchScreen.storyboard */ = {
			isa = PBXVariantGroup;
			children = (
				9668EDE7273978A50031004D /* Base */,
			);
			name = LaunchScreen.storyboard;
			sourceTree = "<group>";
		};
/* End PBXVariantGroup section */

/* Begin XCBuildConfiguration section */
		9668EE00273978A50031004D /* Debug */ = {
			isa = XCBuildConfiguration;
			buildSettings = {
				ALWAYS_SEARCH_USER_PATHS = NO;
				CLANG_ANALYZER_NONNULL = YES;
				CLANG_ANALYZER_NUMBER_OBJECT_CONVERSION = YES_AGGRESSIVE;
				CLANG_CXX_LANGUAGE_STANDARD = "gnu++14";
				CLANG_CXX_LIBRARY = "libc++";
				CLANG_ENABLE_MODULES = YES;
				CLANG_ENABLE_OBJC_ARC = YES;
				CLANG_ENABLE_OBJC_WEAK = YES;
				CLANG_WARN_BLOCK_CAPTURE_AUTORELEASING = YES;
				CLANG_WARN_BOOL_CONVERSION = YES;
				CLANG_WARN_COMMA = YES;
				CLANG_WARN_CONSTANT_CONVERSION = YES;
				CLANG_WARN_DEPRECATED_OBJC_IMPLEMENTATIONS = YES;
				CLANG_WARN_DIRECT_OBJC_ISA_USAGE = YES_ERROR;
				CLANG_WARN_DOCUMENTATION_COMMENTS = YES;
				CLANG_WARN_EMPTY_BODY = YES;
				CLANG_WARN_ENUM_CONVERSION = YES;
				CLANG_WARN_INFINITE_RECURSION = YES;
				CLANG_WARN_INT_CONVERSION = YES;
				CLANG_WARN_NON_LITERAL_NULL_CONVERSION = YES;
				CLANG_WARN_OBJC_IMPLICIT_RETAIN_SELF = YES;
				CLANG_WARN_OBJC_LITERAL_CONVERSION = YES;
				CLANG_WARN_OBJC_ROOT_CLASS = YES_ERROR;
				CLANG_WARN_QUOTED_INCLUDE_IN_FRAMEWORK_HEADER = YES;
				CLANG_WARN_RANGE_LOOP_ANALYSIS = YES;
				CLANG_WARN_STRICT_PROTOTYPES = YES;
				CLANG_WARN_SUSPICIOUS_MOVE = YES;
				CLANG_WARN_UNGUARDED_AVAILABILITY = YES_AGGRESSIVE;
				CLANG_WARN_UNREACHABLE_CODE = YES;
				CLANG_WARN__DUPLICATE_METHOD_MATCH = YES;
				COPY_PHASE_STRIP = NO;
				DEBUG_INFORMATION_FORMAT = dwarf;
				ENABLE_STRICT_OBJC_MSGSEND = YES;
				ENABLE_TESTABILITY = YES;
				GCC_C_LANGUAGE_STANDARD = gnu11;
				GCC_DYNAMIC_NO_PIC = NO;
				GCC_NO_COMMON_BLOCKS = YES;
				GCC_OPTIMIZATION_LEVEL = 0;
				GCC_PREPROCESSOR_DEFINITIONS = (
					"DEBUG=1",
					"$(inherited)",
				);
				GCC_WARN_64_TO_32_BIT_CONVERSION = YES;
				GCC_WARN_ABOUT_RETURN_TYPE = YES_ERROR;
				GCC_WARN_UNDECLARED_SELECTOR = YES;
				GCC_WARN_UNINITIALIZED_AUTOS = YES_AGGRESSIVE;
				GCC_WARN_UNUSED_FUNCTION = YES;
				GCC_WARN_UNUSED_VARIABLE = YES;
				IPHONEOS_DEPLOYMENT_TARGET = 14.3;
				MTL_ENABLE_DEBUG_INFO = INCLUDE_SOURCE;
				MTL_FAST_MATH = YES;
				ONLY_ACTIVE_ARCH = YES;
				SDKROOT = iphoneos;
				SWIFT_ACTIVE_COMPILATION_CONDITIONS = DEBUG;
				SWIFT_OPTIMIZATION_LEVEL = "-Onone";
			};
			name = Debug;
		};
		9668EE01273978A50031004D /* Release */ = {
			isa = XCBuildConfiguration;
			buildSettings = {
				ALWAYS_SEARCH_USER_PATHS = NO;
				CLANG_ANALYZER_NONNULL = YES;
				CLANG_ANALYZER_NUMBER_OBJECT_CONVERSION = YES_AGGRESSIVE;
				CLANG_CXX_LANGUAGE_STANDARD = "gnu++14";
				CLANG_CXX_LIBRARY = "libc++";
				CLANG_ENABLE_MODULES = YES;
				CLANG_ENABLE_OBJC_ARC = YES;
				CLANG_ENABLE_OBJC_WEAK = YES;
				CLANG_WARN_BLOCK_CAPTURE_AUTORELEASING = YES;
				CLANG_WARN_BOOL_CONVERSION = YES;
				CLANG_WARN_COMMA = YES;
				CLANG_WARN_CONSTANT_CONVERSION = YES;
				CLANG_WARN_DEPRECATED_OBJC_IMPLEMENTATIONS = YES;
				CLANG_WARN_DIRECT_OBJC_ISA_USAGE = YES_ERROR;
				CLANG_WARN_DOCUMENTATION_COMMENTS = YES;
				CLANG_WARN_EMPTY_BODY = YES;
				CLANG_WARN_ENUM_CONVERSION = YES;
				CLANG_WARN_INFINITE_RECURSION = YES;
				CLANG_WARN_INT_CONVERSION = YES;
				CLANG_WARN_NON_LITERAL_NULL_CONVERSION = YES;
				CLANG_WARN_OBJC_IMPLICIT_RETAIN_SELF = YES;
				CLANG_WARN_OBJC_LITERAL_CONVERSION = YES;
				CLANG_WARN_OBJC_ROOT_CLASS = YES_ERROR;
				CLANG_WARN_QUOTED_INCLUDE_IN_FRAMEWORK_HEADER = YES;
				CLANG_WARN_RANGE_LOOP_ANALYSIS = YES;
				CLANG_WARN_STRICT_PROTOTYPES = YES;
				CLANG_WARN_SUSPICIOUS_MOVE = YES;
				CLANG_WARN_UNGUARDED_AVAILABILITY = YES_AGGRESSIVE;
				CLANG_WARN_UNREACHABLE_CODE = YES;
				CLANG_WARN__DUPLICATE_METHOD_MATCH = YES;
				COPY_PHASE_STRIP = NO;
				DEBUG_INFORMATION_FORMAT = "dwarf-with-dsym";
				ENABLE_NS_ASSERTIONS = NO;
				ENABLE_STRICT_OBJC_MSGSEND = YES;
				GCC_C_LANGUAGE_STANDARD = gnu11;
				GCC_NO_COMMON_BLOCKS = YES;
				GCC_WARN_64_TO_32_BIT_CONVERSION = YES;
				GCC_WARN_ABOUT_RETURN_TYPE = YES_ERROR;
				GCC_WARN_UNDECLARED_SELECTOR = YES;
				GCC_WARN_UNINITIALIZED_AUTOS = YES_AGGRESSIVE;
				GCC_WARN_UNUSED_FUNCTION = YES;
				GCC_WARN_UNUSED_VARIABLE = YES;
				IPHONEOS_DEPLOYMENT_TARGET = 14.3;
				MTL_ENABLE_DEBUG_INFO = NO;
				MTL_FAST_MATH = YES;
				SDKROOT = iphoneos;
				SWIFT_COMPILATION_MODE = wholemodule;
				SWIFT_OPTIMIZATION_LEVEL = "-O";
				VALIDATE_PRODUCT = YES;
			};
			name = Release;
		};
		9668EE03273978A50031004D /* Debug */ = {
			isa = XCBuildConfiguration;
			baseConfigurationReference = 9676D69FA8AE057B6C4DCD65 /* Pods-Cocktail.debug.xcconfig */;
			buildSettings = {
				ASSETCATALOG_COMPILER_APPICON_NAME = AppIcon;
				ASSETCATALOG_COMPILER_GLOBAL_ACCENT_COLOR_NAME = AccentColor;
				CODE_SIGN_STYLE = Automatic;
				INFOPLIST_FILE = Cocktail/Info.plist;
				LD_RUNPATH_SEARCH_PATHS = (
					"$(inherited)",
					"@executable_path/Frameworks",
				);
				PRODUCT_BUNDLE_IDENTIFIER = com.abdul.Cocktail;
				PRODUCT_NAME = "$(TARGET_NAME)";
				SWIFT_VERSION = 5.0;
				TARGETED_DEVICE_FAMILY = "1,2";
			};
			name = Debug;
		};
		9668EE04273978A50031004D /* Release */ = {
			isa = XCBuildConfiguration;
			baseConfigurationReference = 0B47A4DC7070115B8A5A1452 /* Pods-Cocktail.release.xcconfig */;
			buildSettings = {
				ASSETCATALOG_COMPILER_APPICON_NAME = AppIcon;
				ASSETCATALOG_COMPILER_GLOBAL_ACCENT_COLOR_NAME = AccentColor;
				CODE_SIGN_STYLE = Automatic;
				INFOPLIST_FILE = Cocktail/Info.plist;
				LD_RUNPATH_SEARCH_PATHS = (
					"$(inherited)",
					"@executable_path/Frameworks",
				);
				PRODUCT_BUNDLE_IDENTIFIER = com.abdul.Cocktail;
				PRODUCT_NAME = "$(TARGET_NAME)";
				SWIFT_VERSION = 5.0;
				TARGETED_DEVICE_FAMILY = "1,2";
			};
			name = Release;
		};
		9668EE06273978A50031004D /* Debug */ = {
			isa = XCBuildConfiguration;
			baseConfigurationReference = 05CA7F9B5F9C329D12ED1836 /* Pods-CocktailTests.debug.xcconfig */;
			buildSettings = {
				ALWAYS_EMBED_SWIFT_STANDARD_LIBRARIES = YES;
				BUNDLE_LOADER = "$(TEST_HOST)";
				CODE_SIGN_STYLE = Automatic;
				INFOPLIST_FILE = CocktailTests/Info.plist;
				IPHONEOS_DEPLOYMENT_TARGET = 14.3;
				LD_RUNPATH_SEARCH_PATHS = (
					"$(inherited)",
					"@executable_path/Frameworks",
					"@loader_path/Frameworks",
				);
				PRODUCT_BUNDLE_IDENTIFIER = com.abdul.CocktailTests;
				PRODUCT_NAME = "$(TARGET_NAME)";
				SWIFT_VERSION = 5.0;
				TARGETED_DEVICE_FAMILY = "1,2";
				TEST_HOST = "$(BUILT_PRODUCTS_DIR)/Cocktail.app/Cocktail";
			};
			name = Debug;
		};
		9668EE07273978A50031004D /* Release */ = {
			isa = XCBuildConfiguration;
			baseConfigurationReference = 3CA0DECCFE48691057571A55 /* Pods-CocktailTests.release.xcconfig */;
			buildSettings = {
				ALWAYS_EMBED_SWIFT_STANDARD_LIBRARIES = YES;
				BUNDLE_LOADER = "$(TEST_HOST)";
				CODE_SIGN_STYLE = Automatic;
				INFOPLIST_FILE = CocktailTests/Info.plist;
				IPHONEOS_DEPLOYMENT_TARGET = 14.3;
				LD_RUNPATH_SEARCH_PATHS = (
					"$(inherited)",
					"@executable_path/Frameworks",
					"@loader_path/Frameworks",
				);
				PRODUCT_BUNDLE_IDENTIFIER = com.abdul.CocktailTests;
				PRODUCT_NAME = "$(TARGET_NAME)";
				SWIFT_VERSION = 5.0;
				TARGETED_DEVICE_FAMILY = "1,2";
				TEST_HOST = "$(BUILT_PRODUCTS_DIR)/Cocktail.app/Cocktail";
			};
			name = Release;
		};
		9668EE09273978A50031004D /* Debug */ = {
			isa = XCBuildConfiguration;
			baseConfigurationReference = D38A12A18C3ACA4F6CD2A246 /* Pods-Cocktail-CocktailUITests.debug.xcconfig */;
			buildSettings = {
				ALWAYS_EMBED_SWIFT_STANDARD_LIBRARIES = YES;
				CODE_SIGN_STYLE = Automatic;
				INFOPLIST_FILE = CocktailUITests/Info.plist;
				LD_RUNPATH_SEARCH_PATHS = (
					"$(inherited)",
					"@executable_path/Frameworks",
					"@loader_path/Frameworks",
				);
				PRODUCT_BUNDLE_IDENTIFIER = com.abdul.CocktailUITests;
				PRODUCT_NAME = "$(TARGET_NAME)";
				SWIFT_VERSION = 5.0;
				TARGETED_DEVICE_FAMILY = "1,2";
				TEST_TARGET_NAME = Cocktail;
			};
			name = Debug;
		};
		9668EE0A273978A50031004D /* Release */ = {
			isa = XCBuildConfiguration;
			baseConfigurationReference = 94616456EEEB470F0948D4DF /* Pods-Cocktail-CocktailUITests.release.xcconfig */;
			buildSettings = {
				ALWAYS_EMBED_SWIFT_STANDARD_LIBRARIES = YES;
				CODE_SIGN_STYLE = Automatic;
				INFOPLIST_FILE = CocktailUITests/Info.plist;
				LD_RUNPATH_SEARCH_PATHS = (
					"$(inherited)",
					"@executable_path/Frameworks",
					"@loader_path/Frameworks",
				);
				PRODUCT_BUNDLE_IDENTIFIER = com.abdul.CocktailUITests;
				PRODUCT_NAME = "$(TARGET_NAME)";
				SWIFT_VERSION = 5.0;
				TARGETED_DEVICE_FAMILY = "1,2";
				TEST_TARGET_NAME = Cocktail;
			};
			name = Release;
		};
/* End XCBuildConfiguration section */

/* Begin XCConfigurationList section */
		9668EDD32739789D0031004D /* Build configuration list for PBXProject "Cocktail" */ = {
			isa = XCConfigurationList;
			buildConfigurations = (
				9668EE00273978A50031004D /* Debug */,
				9668EE01273978A50031004D /* Release */,
			);
			defaultConfigurationIsVisible = 0;
			defaultConfigurationName = Release;
		};
		9668EE02273978A50031004D /* Build configuration list for PBXNativeTarget "Cocktail" */ = {
			isa = XCConfigurationList;
			buildConfigurations = (
				9668EE03273978A50031004D /* Debug */,
				9668EE04273978A50031004D /* Release */,
			);
			defaultConfigurationIsVisible = 0;
			defaultConfigurationName = Release;
		};
		9668EE05273978A50031004D /* Build configuration list for PBXNativeTarget "CocktailTests" */ = {
			isa = XCConfigurationList;
			buildConfigurations = (
				9668EE06273978A50031004D /* Debug */,
				9668EE07273978A50031004D /* Release */,
			);
			defaultConfigurationIsVisible = 0;
			defaultConfigurationName = Release;
		};
		9668EE08273978A50031004D /* Build configuration list for PBXNativeTarget "CocktailUITests" */ = {
			isa = XCConfigurationList;
			buildConfigurations = (
				9668EE09273978A50031004D /* Debug */,
				9668EE0A273978A50031004D /* Release */,
			);
			defaultConfigurationIsVisible = 0;
			defaultConfigurationName = Release;
		};
/* End XCConfigurationList section */
	};
	rootObject = 9668EDD02739789D0031004D /* Project object */;
}
